
Microsoft Visual Studio Solution File, Format Version 12.00
# Visual Studio Version 16
VisualStudioVersion = 16.0.32413.511
MinimumVisualStudioVersion = 10.0.40219.1
Project("{159641D6-6404-4A2A-AE62-294DE0FE8301}") = "SSIS", "SSIS\SSIS.dtproj", "{51EC8D93-19AE-41F5-88A6-2061491E9811}"
EndProject
Global
	GlobalSection(SolutionConfigurationPlatforms) = preSolution
		Development|Default = Development|Default
	EndGlobalSection
	GlobalSection(ProjectConfigurationPlatforms) = postSolution
		{51EC8D93-19AE-41F5-88A6-2061491E9811}.Development|Default.ActiveCfg = Development
		{51EC8D93-19AE-41F5-88A6-2061491E9811}.Development|Default.Build.0 = Development
	EndGlobalSection
	GlobalSection(SolutionProperties) = preSolution
		HideSolutionNode = FALSE
	EndGlobalSection
	GlobalSection(ExtensibilityGlobals) = postSolution
		SolutionGuid = {E58B3A43-19FE-48B8-81B6-E561F650B4EF}
	EndGlobalSection
EndGlobal
